// !$*UTF8*$!
{
	archiveVersion = 1;
	classes = {
	};
	objectVersion = 50;
	objects = {

/* Begin PBXBuildFile section */
		EE62DC0C24229C2700B18BA9 /* DataStorage.swift in Sources */ = {isa = PBXBuildFile; fileRef = EE62DC0B24229C2700B18BA9 /* DataStorage.swift */; };
		EE62DC0E2422A78F00B18BA9 /* PersonListViewController.swift in Sources */ = {isa = PBXBuildFile; fileRef = EE62DC0D2422A78F00B18BA9 /* PersonListViewController.swift */; };
		EE62DC102422BAA600B18BA9 /* PersonDetailsViewController.swift in Sources */ = {isa = PBXBuildFile; fileRef = EE62DC0F2422BAA600B18BA9 /* PersonDetailsViewController.swift */; };
		EE62DC122422EB2C00B18BA9 /* VehicleDetailsViewController.swift in Sources */ = {isa = PBXBuildFile; fileRef = EE62DC112422EB2C00B18BA9 /* VehicleDetailsViewController.swift */; };
		EE76162F2421A67600CC8606 /* AppDelegate.swift in Sources */ = {isa = PBXBuildFile; fileRef = EE76162E2421A67600CC8606 /* AppDelegate.swift */; };
		EE7616312421A67600CC8606 /* SceneDelegate.swift in Sources */ = {isa = PBXBuildFile; fileRef = EE7616302421A67600CC8606 /* SceneDelegate.swift */; };
		EE7616332421A67600CC8606 /* LoginViewController.swift in Sources */ = {isa = PBXBuildFile; fileRef = EE7616322421A67600CC8606 /* LoginViewController.swift */; };
		EE7616362421A67600CC8606 /* Main.storyboard in Resources */ = {isa = PBXBuildFile; fileRef = EE7616342421A67600CC8606 /* Main.storyboard */; };
		EE7616382421A67700CC8606 /* Assets.xcassets in Resources */ = {isa = PBXBuildFile; fileRef = EE7616372421A67700CC8606 /* Assets.xcassets */; };
		EE76163B2421A67700CC8606 /* LaunchScreen.storyboard in Resources */ = {isa = PBXBuildFile; fileRef = EE7616392421A67700CC8606 /* LaunchScreen.storyboard */; };
		EE7616512421A80C00CC8606 /* VehicleRent.swift in Sources */ = {isa = PBXBuildFile; fileRef = EE7616502421A7FA00CC8606 /* VehicleRent.swift */; };
		EE7616522421A80C00CC8606 /* IDisplay.swift in Sources */ = {isa = PBXBuildFile; fileRef = EE7616452421A7FA00CC8606 /* IDisplay.swift */; };
		EE7616532421A81400CC8606 /* Person.swift in Sources */ = {isa = PBXBuildFile; fileRef = EE7616472421A7FA00CC8606 /* Person.swift */; };
		EE7616542421A81400CC8606 /* Customer.swift in Sources */ = {isa = PBXBuildFile; fileRef = EE7616482421A7FA00CC8606 /* Customer.swift */; };
		EE7616552421A81400CC8606 /* Driver.swift in Sources */ = {isa = PBXBuildFile; fileRef = EE7616492421A7FA00CC8606 /* Driver.swift */; };
		EE7616562421A81400CC8606 /* Owner.swift in Sources */ = {isa = PBXBuildFile; fileRef = EE76164A2421A7FA00CC8606 /* Owner.swift */; };
		EE7616572421A81B00CC8606 /* CustomException.swift in Sources */ = {isa = PBXBuildFile; fileRef = EE7616432421A7FA00CC8606 /* CustomException.swift */; };
		EE7616582421A81B00CC8606 /* Extensions.swift in Sources */ = {isa = PBXBuildFile; fileRef = EE7616442421A7FA00CC8606 /* Extensions.swift */; };
		EE7616592421A81B00CC8606 /* Bus.swift in Sources */ = {isa = PBXBuildFile; fileRef = EE76164C2421A7FA00CC8606 /* Bus.swift */; };
		EE76165A2421A81B00CC8606 /* Vehicle.swift in Sources */ = {isa = PBXBuildFile; fileRef = EE76164D2421A7FA00CC8606 /* Vehicle.swift */; };
		EE76165B2421A82600CC8606 /* Car.swift in Sources */ = {isa = PBXBuildFile; fileRef = EE76164E2421A7FA00CC8606 /* Car.swift */; };
		EE76165C2421A82600CC8606 /* MotorCycle.swift in Sources */ = {isa = PBXBuildFile; fileRef = EE76164F2421A7FA00CC8606 /* MotorCycle.swift */; };
		EE76165F2421ACEC00CC8606 /* Screen Shot 2020-03-17 at 9.10.41 PM.png in Resources */ = {isa = PBXBuildFile; fileRef = EE76165E2421ACEC00CC8606 /* Screen Shot 2020-03-17 at 9.10.41 PM.png */; };
		EE920F96242468D200B120ED /* AddNewCustomerViewController.swift in Sources */ = {isa = PBXBuildFile; fileRef = EE920F95242468D200B120ED /* AddNewCustomerViewController.swift */; };
		EE920F982424693100B120ED /* AddNewOwnerViewController.swift in Sources */ = {isa = PBXBuildFile; fileRef = EE920F972424693100B120ED /* AddNewOwnerViewController.swift */; };
		EE920F9A242529E700B120ED /* AddNewCarViewController.swift in Sources */ = {isa = PBXBuildFile; fileRef = EE920F99242529E700B120ED /* AddNewCarViewController.swift */; };
		EE920F9C242529F600B120ED /* AddNewBusViewController.swift in Sources */ = {isa = PBXBuildFile; fileRef = EE920F9B242529F600B120ED /* AddNewBusViewController.swift */; };
		EE920F9E24252A0600B120ED /* AddNewMotorcycleViewController.swift in Sources */ = {isa = PBXBuildFile; fileRef = EE920F9D24252A0600B120ED /* AddNewMotorcycleViewController.swift */; };
		EE920FA024259B8F00B120ED /* VehicleCellTableViewCell.swift in Sources */ = {isa = PBXBuildFile; fileRef = EE920F9F24259B8F00B120ED /* VehicleCellTableViewCell.swift */; };
/* End PBXBuildFile section */

/* Begin PBXFileReference section */
		EE62DC0B24229C2700B18BA9 /* DataStorage.swift */ = {isa = PBXFileReference; lastKnownFileType = sourcecode.swift; path = DataStorage.swift; sourceTree = "<group>"; };
		EE62DC0D2422A78F00B18BA9 /* PersonListViewController.swift */ = {isa = PBXFileReference; lastKnownFileType = sourcecode.swift; path = PersonListViewController.swift; sourceTree = "<group>"; };
		EE62DC0F2422BAA600B18BA9 /* PersonDetailsViewController.swift */ = {isa = PBXFileReference; lastKnownFileType = sourcecode.swift; path = PersonDetailsViewController.swift; sourceTree = "<group>"; };
		EE62DC112422EB2C00B18BA9 /* VehicleDetailsViewController.swift */ = {isa = PBXFileReference; lastKnownFileType = sourcecode.swift; path = VehicleDetailsViewController.swift; sourceTree = "<group>"; };
		EE76162B2421A67600CC8606 /* Group5_W2020_MAD3115_FP.app */ = {isa = PBXFileReference; explicitFileType = wrapper.application; includeInIndex = 0; path = Group5_W2020_MAD3115_FP.app; sourceTree = BUILT_PRODUCTS_DIR; };
		EE76162E2421A67600CC8606 /* AppDelegate.swift */ = {isa = PBXFileReference; lastKnownFileType = sourcecode.swift; path = AppDelegate.swift; sourceTree = "<group>"; };
		EE7616302421A67600CC8606 /* SceneDelegate.swift */ = {isa = PBXFileReference; lastKnownFileType = sourcecode.swift; path = SceneDelegate.swift; sourceTree = "<group>"; };
		EE7616322421A67600CC8606 /* LoginViewController.swift */ = {isa = PBXFileReference; lastKnownFileType = sourcecode.swift; path = LoginViewController.swift; sourceTree = "<group>"; };
		EE7616352421A67600CC8606 /* Base */ = {isa = PBXFileReference; lastKnownFileType = file.storyboard; name = Base; path = Base.lproj/Main.storyboard; sourceTree = "<group>"; };
		EE7616372421A67700CC8606 /* Assets.xcassets */ = {isa = PBXFileReference; lastKnownFileType = folder.assetcatalog; path = Assets.xcassets; sourceTree = "<group>"; };
		EE76163A2421A67700CC8606 /* Base */ = {isa = PBXFileReference; lastKnownFileType = file.storyboard; name = Base; path = Base.lproj/LaunchScreen.storyboard; sourceTree = "<group>"; };
		EE76163C2421A67700CC8606 /* Info.plist */ = {isa = PBXFileReference; lastKnownFileType = text.plist.xml; path = Info.plist; sourceTree = "<group>"; };
		EE7616432421A7FA00CC8606 /* CustomException.swift */ = {isa = PBXFileReference; lastKnownFileType = sourcecode.swift; path = CustomException.swift; sourceTree = "<group>"; };
		EE7616442421A7FA00CC8606 /* Extensions.swift */ = {isa = PBXFileReference; lastKnownFileType = sourcecode.swift; path = Extensions.swift; sourceTree = "<group>"; };
		EE7616452421A7FA00CC8606 /* IDisplay.swift */ = {isa = PBXFileReference; lastKnownFileType = sourcecode.swift; path = IDisplay.swift; sourceTree = "<group>"; };
		EE7616472421A7FA00CC8606 /* Person.swift */ = {isa = PBXFileReference; lastKnownFileType = sourcecode.swift; path = Person.swift; sourceTree = "<group>"; };
		EE7616482421A7FA00CC8606 /* Customer.swift */ = {isa = PBXFileReference; lastKnownFileType = sourcecode.swift; path = Customer.swift; sourceTree = "<group>"; };
		EE7616492421A7FA00CC8606 /* Driver.swift */ = {isa = PBXFileReference; lastKnownFileType = sourcecode.swift; path = Driver.swift; sourceTree = "<group>"; };
		EE76164A2421A7FA00CC8606 /* Owner.swift */ = {isa = PBXFileReference; lastKnownFileType = sourcecode.swift; path = Owner.swift; sourceTree = "<group>"; };
		EE76164C2421A7FA00CC8606 /* Bus.swift */ = {isa = PBXFileReference; lastKnownFileType = sourcecode.swift; path = Bus.swift; sourceTree = "<group>"; };
		EE76164D2421A7FA00CC8606 /* Vehicle.swift */ = {isa = PBXFileReference; lastKnownFileType = sourcecode.swift; path = Vehicle.swift; sourceTree = "<group>"; };
		EE76164E2421A7FA00CC8606 /* Car.swift */ = {isa = PBXFileReference; lastKnownFileType = sourcecode.swift; path = Car.swift; sourceTree = "<group>"; };
		EE76164F2421A7FA00CC8606 /* MotorCycle.swift */ = {isa = PBXFileReference; lastKnownFileType = sourcecode.swift; path = MotorCycle.swift; sourceTree = "<group>"; };
		EE7616502421A7FA00CC8606 /* VehicleRent.swift */ = {isa = PBXFileReference; lastKnownFileType = sourcecode.swift; path = VehicleRent.swift; sourceTree = "<group>"; };
		EE76165E2421ACEC00CC8606 /* Screen Shot 2020-03-17 at 9.10.41 PM.png */ = {isa = PBXFileReference; lastKnownFileType = image.png; path = "Screen Shot 2020-03-17 at 9.10.41 PM.png"; sourceTree = "<group>"; };
		EE920F95242468D200B120ED /* AddNewCustomerViewController.swift */ = {isa = PBXFileReference; lastKnownFileType = sourcecode.swift; path = AddNewCustomerViewController.swift; sourceTree = "<group>"; };
		EE920F972424693100B120ED /* AddNewOwnerViewController.swift */ = {isa = PBXFileReference; lastKnownFileType = sourcecode.swift; path = AddNewOwnerViewController.swift; sourceTree = "<group>"; };
		EE920F99242529E700B120ED /* AddNewCarViewController.swift */ = {isa = PBXFileReference; lastKnownFileType = sourcecode.swift; path = AddNewCarViewController.swift; sourceTree = "<group>"; };
		EE920F9B242529F600B120ED /* AddNewBusViewController.swift */ = {isa = PBXFileReference; lastKnownFileType = sourcecode.swift; path = AddNewBusViewController.swift; sourceTree = "<group>"; };
		EE920F9D24252A0600B120ED /* AddNewMotorcycleViewController.swift */ = {isa = PBXFileReference; lastKnownFileType = sourcecode.swift; path = AddNewMotorcycleViewController.swift; sourceTree = "<group>"; };
		EE920F9F24259B8F00B120ED /* VehicleCellTableViewCell.swift */ = {isa = PBXFileReference; lastKnownFileType = sourcecode.swift; path = VehicleCellTableViewCell.swift; sourceTree = "<group>"; };
/* End PBXFileReference section */

/* Begin PBXFrameworksBuildPhase section */
		EE7616282421A67600CC8606 /* Frameworks */ = {
			isa = PBXFrameworksBuildPhase;
			buildActionMask = 2147483647;
			files = (
			);
			runOnlyForDeploymentPostprocessing = 0;
		};
/* End PBXFrameworksBuildPhase section */

/* Begin PBXGroup section */
		EE7616222421A67600CC8606 = {
			isa = PBXGroup;
			children = (
				EE76162D2421A67600CC8606 /* Group5_W2020_MAD3115_FP */,
				EE76162C2421A67600CC8606 /* Products */,
			);
			sourceTree = "<group>";
		};
		EE76162C2421A67600CC8606 /* Products */ = {
			isa = PBXGroup;
			children = (
				EE76162B2421A67600CC8606 /* Group5_W2020_MAD3115_FP.app */,
			);
			name = Products;
			sourceTree = "<group>";
		};
		EE76162D2421A67600CC8606 /* Group5_W2020_MAD3115_FP */ = {
			isa = PBXGroup;
			children = (
				EE7616602421B0CC00CC8606 /* View Controllers */,
				EE76165D2421ABC300CC8606 /* Image */,
				EE7616462421A7FA00CC8606 /* Person */,
				EE7616422421A7FA00CC8606 /* Util */,
				EE76164B2421A7FA00CC8606 /* Vehicle */,
				EE7616502421A7FA00CC8606 /* VehicleRent.swift */,
				EE76162E2421A67600CC8606 /* AppDelegate.swift */,
				EE7616302421A67600CC8606 /* SceneDelegate.swift */,
				EE7616342421A67600CC8606 /* Main.storyboard */,
				EE7616372421A67700CC8606 /* Assets.xcassets */,
				EE7616392421A67700CC8606 /* LaunchScreen.storyboard */,
				EE76163C2421A67700CC8606 /* Info.plist */,
				EE7616452421A7FA00CC8606 /* IDisplay.swift */,
				EE62DC0B24229C2700B18BA9 /* DataStorage.swift */,
				EE920F9F24259B8F00B120ED /* VehicleCellTableViewCell.swift */,
			);
			path = Group5_W2020_MAD3115_FP;
			sourceTree = "<group>";
		};
		EE7616422421A7FA00CC8606 /* Util */ = {
			isa = PBXGroup;
			children = (
				EE7616432421A7FA00CC8606 /* CustomException.swift */,
				EE7616442421A7FA00CC8606 /* Extensions.swift */,
			);
			path = Util;
			sourceTree = "<group>";
		};
		EE7616462421A7FA00CC8606 /* Person */ = {
			isa = PBXGroup;
			children = (
				EE7616472421A7FA00CC8606 /* Person.swift */,
				EE7616482421A7FA00CC8606 /* Customer.swift */,
				EE7616492421A7FA00CC8606 /* Driver.swift */,
				EE76164A2421A7FA00CC8606 /* Owner.swift */,
			);
			path = Person;
			sourceTree = "<group>";
		};
		EE76164B2421A7FA00CC8606 /* Vehicle */ = {
			isa = PBXGroup;
			children = (
				EE76164D2421A7FA00CC8606 /* Vehicle.swift */,
				EE76164C2421A7FA00CC8606 /* Bus.swift */,
				EE76164E2421A7FA00CC8606 /* Car.swift */,
				EE76164F2421A7FA00CC8606 /* MotorCycle.swift */,
			);
			path = Vehicle;
			sourceTree = "<group>";
		};
		EE76165D2421ABC300CC8606 /* Image */ = {
			isa = PBXGroup;
			children = (
				EE76165E2421ACEC00CC8606 /* Screen Shot 2020-03-17 at 9.10.41 PM.png */,
			);
			path = Image;
			sourceTree = "<group>";
		};
		EE7616602421B0CC00CC8606 /* View Controllers */ = {
			isa = PBXGroup;
			children = (
				EE7616322421A67600CC8606 /* LoginViewController.swift */,
				EE62DC0D2422A78F00B18BA9 /* PersonListViewController.swift */,
				EE62DC0F2422BAA600B18BA9 /* PersonDetailsViewController.swift */,
				EE62DC112422EB2C00B18BA9 /* VehicleDetailsViewController.swift */,
				EE920F95242468D200B120ED /* AddNewCustomerViewController.swift */,
				EE920F972424693100B120ED /* AddNewOwnerViewController.swift */,
				EE920F99242529E700B120ED /* AddNewCarViewController.swift */,
				EE920F9B242529F600B120ED /* AddNewBusViewController.swift */,
				EE920F9D24252A0600B120ED /* AddNewMotorcycleViewController.swift */,
			);
			path = "View Controllers";
			sourceTree = "<group>";
		};
/* End PBXGroup section */

/* Begin PBXNativeTarget section */
		EE76162A2421A67600CC8606 /* Group5_W2020_MAD3115_FP */ = {
			isa = PBXNativeTarget;
			buildConfigurationList = EE76163F2421A67700CC8606 /* Build configuration list for PBXNativeTarget "Group5_W2020_MAD3115_FP" */;
			buildPhases = (
				EE7616272421A67600CC8606 /* Sources */,
				EE7616282421A67600CC8606 /* Frameworks */,
				EE7616292421A67600CC8606 /* Resources */,
			);
			buildRules = (
			);
			dependencies = (
			);
			name = Group5_W2020_MAD3115_FP;
			productName = Group5_W2020_MAD3115_FP;
			productReference = EE76162B2421A67600CC8606 /* Group5_W2020_MAD3115_FP.app */;
			productType = "com.apple.product-type.application";
		};
/* End PBXNativeTarget section */

/* Begin PBXProject section */
		EE7616232421A67600CC8606 /* Project object */ = {
			isa = PBXProject;
			attributes = {
				LastSwiftUpdateCheck = 1130;
				LastUpgradeCheck = 1130;
				ORGANIZATIONNAME = "Nikita Sandhu";
				TargetAttributes = {
					EE76162A2421A67600CC8606 = {
						CreatedOnToolsVersion = 11.3.1;
					};
				};
			};
			buildConfigurationList = EE7616262421A67600CC8606 /* Build configuration list for PBXProject "Group5_W2020_MAD3115_FP" */;
			compatibilityVersion = "Xcode 9.3";
			developmentRegion = en;
			hasScannedForEncodings = 0;
			knownRegions = (
				en,
				Base,
			);
			mainGroup = EE7616222421A67600CC8606;
			productRefGroup = EE76162C2421A67600CC8606 /* Products */;
			projectDirPath = "";
			projectRoot = "";
			targets = (
				EE76162A2421A67600CC8606 /* Group5_W2020_MAD3115_FP */,
			);
		};
/* End PBXProject section */

/* Begin PBXResourcesBuildPhase section */
		EE7616292421A67600CC8606 /* Resources */ = {
			isa = PBXResourcesBuildPhase;
			buildActionMask = 2147483647;
			files = (
				EE76163B2421A67700CC8606 /* LaunchScreen.storyboard in Resources */,
				EE7616382421A67700CC8606 /* Assets.xcassets in Resources */,
				EE7616362421A67600CC8606 /* Main.storyboard in Resources */,
				EE76165F2421ACEC00CC8606 /* Screen Shot 2020-03-17 at 9.10.41 PM.png in Resources */,
			);
			runOnlyForDeploymentPostprocessing = 0;
		};
/* End PBXResourcesBuildPhase section */

/* Begin PBXSourcesBuildPhase section */
		EE7616272421A67600CC8606 /* Sources */ = {
			isa = PBXSourcesBuildPhase;
			buildActionMask = 2147483647;
			files = (
				EE76165B2421A82600CC8606 /* Car.swift in Sources */,
				EE62DC0E2422A78F00B18BA9 /* PersonListViewController.swift in Sources */,
				EE920F9E24252A0600B120ED /* AddNewMotorcycleViewController.swift in Sources */,
				EE76165C2421A82600CC8606 /* MotorCycle.swift in Sources */,
				EE7616572421A81B00CC8606 /* CustomException.swift in Sources */,
				EE920F9A242529E700B120ED /* AddNewCarViewController.swift in Sources */,
				EE7616582421A81B00CC8606 /* Extensions.swift in Sources */,
				EE7616592421A81B00CC8606 /* Bus.swift in Sources */,
				EE920F96242468D200B120ED /* AddNewCustomerViewController.swift in Sources */,
				EE62DC122422EB2C00B18BA9 /* VehicleDetailsViewController.swift in Sources */,
				EE920F9C242529F600B120ED /* AddNewBusViewController.swift in Sources */,
				EE76165A2421A81B00CC8606 /* Vehicle.swift in Sources */,
				EE7616532421A81400CC8606 /* Person.swift in Sources */,
				EE7616542421A81400CC8606 /* Customer.swift in Sources */,
				EE7616552421A81400CC8606 /* Driver.swift in Sources */,
				EE7616562421A81400CC8606 /* Owner.swift in Sources */,
				EE920FA024259B8F00B120ED /* VehicleCellTableViewCell.swift in Sources */,
				EE7616332421A67600CC8606 /* LoginViewController.swift in Sources */,
				EE62DC0C24229C2700B18BA9 /* DataStorage.swift in Sources */,
				EE920F982424693100B120ED /* AddNewOwnerViewController.swift in Sources */,
				EE7616512421A80C00CC8606 /* VehicleRent.swift in Sources */,
				EE62DC102422BAA600B18BA9 /* PersonDetailsViewController.swift in Sources */,
				EE76162F2421A67600CC8606 /* AppDelegate.swift in Sources */,
				EE7616522421A80C00CC8606 /* IDisplay.swift in Sources */,
				EE7616312421A67600CC8606 /* SceneDelegate.swift in Sources */,
			);
			runOnlyForDeploymentPostprocessing = 0;
		};
/* End PBXSourcesBuildPhase section */

/* Begin PBXVariantGroup section */
		EE7616342421A67600CC8606 /* Main.storyboard */ = {
			isa = PBXVariantGroup;
			children = (
				EE7616352421A67600CC8606 /* Base */,
			);
			name = Main.storyboard;
			sourceTree = "<group>";
		};
		EE7616392421A67700CC8606 /* LaunchScreen.storyboard */ = {
			isa = PBXVariantGroup;
			children = (
				EE76163A2421A67700CC8606 /* Base */,
			);
			name = LaunchScreen.storyboard;
			sourceTree = "<group>";
		};
/* End PBXVariantGroup section */

/* Begin XCBuildConfiguration section */
		EE76163D2421A67700CC8606 /* Debug */ = {
			isa = XCBuildConfiguration;
			buildSettings = {
				ALWAYS_SEARCH_USER_PATHS = NO;
				CLANG_ANALYZER_NONNULL = YES;
				CLANG_ANALYZER_NUMBER_OBJECT_CONVERSION = YES_AGGRESSIVE;
				CLANG_CXX_LANGUAGE_STANDARD = "gnu++14";
				CLANG_CXX_LIBRARY = "libc++";
				CLANG_ENABLE_MODULES = YES;
				CLANG_ENABLE_OBJC_ARC = YES;
				CLANG_ENABLE_OBJC_WEAK = YES;
				CLANG_WARN_BLOCK_CAPTURE_AUTORELEASING = YES;
				CLANG_WARN_BOOL_CONVERSION = YES;
				CLANG_WARN_COMMA = YES;
				CLANG_WARN_CONSTANT_CONVERSION = YES;
				CLANG_WARN_DEPRECATED_OBJC_IMPLEMENTATIONS = YES;
				CLANG_WARN_DIRECT_OBJC_ISA_USAGE = YES_ERROR;
				CLANG_WARN_DOCUMENTATION_COMMENTS = YES;
				CLANG_WARN_EMPTY_BODY = YES;
				CLANG_WARN_ENUM_CONVERSION = YES;
				CLANG_WARN_INFINITE_RECURSION = YES;
				CLANG_WARN_INT_CONVERSION = YES;
				CLANG_WARN_NON_LITERAL_NULL_CONVERSION = YES;
				CLANG_WARN_OBJC_IMPLICIT_RETAIN_SELF = YES;
				CLANG_WARN_OBJC_LITERAL_CONVERSION = YES;
				CLANG_WARN_OBJC_ROOT_CLASS = YES_ERROR;
				CLANG_WARN_RANGE_LOOP_ANALYSIS = YES;
				CLANG_WARN_STRICT_PROTOTYPES = YES;
				CLANG_WARN_SUSPICIOUS_MOVE = YES;
				CLANG_WARN_UNGUARDED_AVAILABILITY = YES_AGGRESSIVE;
				CLANG_WARN_UNREACHABLE_CODE = YES;
				CLANG_WARN__DUPLICATE_METHOD_MATCH = YES;
				COPY_PHASE_STRIP = NO;
				DEBUG_INFORMATION_FORMAT = dwarf;
				ENABLE_STRICT_OBJC_MSGSEND = YES;
				ENABLE_TESTABILITY = YES;
				GCC_C_LANGUAGE_STANDARD = gnu11;
				GCC_DYNAMIC_NO_PIC = NO;
				GCC_NO_COMMON_BLOCKS = YES;
				GCC_OPTIMIZATION_LEVEL = 0;
				GCC_PREPROCESSOR_DEFINITIONS = (
					"DEBUG=1",
					"$(inherited)",
				);
				GCC_WARN_64_TO_32_BIT_CONVERSION = YES;
				GCC_WARN_ABOUT_RETURN_TYPE = YES_ERROR;
				GCC_WARN_UNDECLARED_SELECTOR = YES;
				GCC_WARN_UNINITIALIZED_AUTOS = YES_AGGRESSIVE;
				GCC_WARN_UNUSED_FUNCTION = YES;
				GCC_WARN_UNUSED_VARIABLE = YES;
				IPHONEOS_DEPLOYMENT_TARGET = 13.2;
				MTL_ENABLE_DEBUG_INFO = INCLUDE_SOURCE;
				MTL_FAST_MATH = YES;
				ONLY_ACTIVE_ARCH = YES;
				SDKROOT = iphoneos;
				SWIFT_ACTIVE_COMPILATION_CONDITIONS = DEBUG;
				SWIFT_OPTIMIZATION_LEVEL = "-Onone";
			};
			name = Debug;
		};
		EE76163E2421A67700CC8606 /* Release */ = {
			isa = XCBuildConfiguration;
			buildSettings = {
				ALWAYS_SEARCH_USER_PATHS = NO;
				CLANG_ANALYZER_NONNULL = YES;
				CLANG_ANALYZER_NUMBER_OBJECT_CONVERSION = YES_AGGRESSIVE;
				CLANG_CXX_LANGUAGE_STANDARD = "gnu++14";
				CLANG_CXX_LIBRARY = "libc++";
				CLANG_ENABLE_MODULES = YES;
				CLANG_ENABLE_OBJC_ARC = YES;
				CLANG_ENABLE_OBJC_WEAK = YES;
				CLANG_WARN_BLOCK_CAPTURE_AUTORELEASING = YES;
				CLANG_WARN_BOOL_CONVERSION = YES;
				CLANG_WARN_COMMA = YES;
				CLANG_WARN_CONSTANT_CONVERSION = YES;
				CLANG_WARN_DEPRECATED_OBJC_IMPLEMENTATIONS = YES;
				CLANG_WARN_DIRECT_OBJC_ISA_USAGE = YES_ERROR;
				CLANG_WARN_DOCUMENTATION_COMMENTS = YES;
				CLANG_WARN_EMPTY_BODY = YES;
				CLANG_WARN_ENUM_CONVERSION = YES;
				CLANG_WARN_INFINITE_RECURSION = YES;
				CLANG_WARN_INT_CONVERSION = YES;
				CLANG_WARN_NON_LITERAL_NULL_CONVERSION = YES;
				CLANG_WARN_OBJC_IMPLICIT_RETAIN_SELF = YES;
				CLANG_WARN_OBJC_LITERAL_CONVERSION = YES;
				CLANG_WARN_OBJC_ROOT_CLASS = YES_ERROR;
				CLANG_WARN_RANGE_LOOP_ANALYSIS = YES;
				CLANG_WARN_STRICT_PROTOTYPES = YES;
				CLANG_WARN_SUSPICIOUS_MOVE = YES;
				CLANG_WARN_UNGUARDED_AVAILABILITY = YES_AGGRESSIVE;
				CLANG_WARN_UNREACHABLE_CODE = YES;
				CLANG_WARN__DUPLICATE_METHOD_MATCH = YES;
				COPY_PHASE_STRIP = NO;
				DEBUG_INFORMATION_FORMAT = "dwarf-with-dsym";
				ENABLE_NS_ASSERTIONS = NO;
				ENABLE_STRICT_OBJC_MSGSEND = YES;
				GCC_C_LANGUAGE_STANDARD = gnu11;
				GCC_NO_COMMON_BLOCKS = YES;
				GCC_WARN_64_TO_32_BIT_CONVERSION = YES;
				GCC_WARN_ABOUT_RETURN_TYPE = YES_ERROR;
				GCC_WARN_UNDECLARED_SELECTOR = YES;
				GCC_WARN_UNINITIALIZED_AUTOS = YES_AGGRESSIVE;
				GCC_WARN_UNUSED_FUNCTION = YES;
				GCC_WARN_UNUSED_VARIABLE = YES;
				IPHONEOS_DEPLOYMENT_TARGET = 13.2;
				MTL_ENABLE_DEBUG_INFO = NO;
				MTL_FAST_MATH = YES;
				SDKROOT = iphoneos;
				SWIFT_COMPILATION_MODE = wholemodule;
				SWIFT_OPTIMIZATION_LEVEL = "-O";
				VALIDATE_PRODUCT = YES;
			};
			name = Release;
		};
		EE7616402421A67700CC8606 /* Debug */ = {
			isa = XCBuildConfiguration;
			buildSettings = {
				ASSETCATALOG_COMPILER_APPICON_NAME = AppIcon;
				CODE_SIGN_STYLE = Automatic;
				DEVELOPMENT_TEAM = K235H574GK;
				INFOPLIST_FILE = Group5_W2020_MAD3115_FP/Info.plist;
				LD_RUNPATH_SEARCH_PATHS = (
					"$(inherited)",
					"@executable_path/Frameworks",
				);
				PRODUCT_BUNDLE_IDENTIFIER = "com.lambton.Group5-W2020-MAD3115-FP";
				PRODUCT_NAME = "$(TARGET_NAME)";
				SWIFT_VERSION = 5.0;
				TARGETED_DEVICE_FAMILY = "1,2";
			};
			name = Debug;
		};
		EE7616412421A67700CC8606 /* Release */ = {
			isa = XCBuildConfiguration;
			buildSettings = {
				ASSETCATALOG_COMPILER_APPICON_NAME = AppIcon;
				CODE_SIGN_STYLE = Automatic;
				DEVELOPMENT_TEAM = K235H574GK;
				INFOPLIST_FILE = Group5_W2020_MAD3115_FP/Info.plist;
				LD_RUNPATH_SEARCH_PATHS = (
					"$(inherited)",
					"@executable_path/Frameworks",
				);
				PRODUCT_BUNDLE_IDENTIFIER = "com.lambton.Group5-W2020-MAD3115-FP";
				PRODUCT_NAME = "$(TARGET_NAME)";
				SWIFT_VERSION = 5.0;
				TARGETED_DEVICE_FAMILY = "1,2";
			};
			name = Release;
		};
/* End XCBuildConfiguration section */

/* Begin XCConfigurationList section */
		EE7616262421A67600CC8606 /* Build configuration list for PBXProject "Group5_W2020_MAD3115_FP" */ = {
			isa = XCConfigurationList;
			buildConfigurations = (
				EE76163D2421A67700CC8606 /* Debug */,
				EE76163E2421A67700CC8606 /* Release */,
			);
			defaultConfigurationIsVisible = 0;
			defaultConfigurationName = Release;
		};
		EE76163F2421A67700CC8606 /* Build configuration list for PBXNativeTarget "Group5_W2020_MAD3115_FP" */ = {
			isa = XCConfigurationList;
			buildConfigurations = (
				EE7616402421A67700CC8606 /* Debug */,
				EE7616412421A67700CC8606 /* Release */,
			);
			defaultConfigurationIsVisible = 0;
			defaultConfigurationName = Release;
		};
/* End XCConfigurationList section */
	};
	rootObject = EE7616232421A67600CC8606 /* Project object */;
}
